
Microsoft Visual Studio Solution File, Format Version 12.00
# Visual Studio Version 16
VisualStudioVersion = 16.0.29411.108
MinimumVisualStudioVersion = 10.0.40219.1
Project("{FAE04EC0-301F-11D3-BF4B-00C04F79EFBC}") = "web-stream", "web-stream\web-stream.csproj", "{BEC1F0B3-EF7B-4F0D-BA93-8A184CA5566E}"
EndProject
Global
	GlobalSection(SolutionConfigurationPlatforms) = preSolution
		Debug|Any CPU = Debug|Any CPU
		Release|Any CPU = Release|Any CPU
	EndGlobalSection
	GlobalSection(ProjectConfigurationPlatforms) = postSolution
		{BEC1F0B3-EF7B-4F0D-BA93-8A184CA5566E}.Debug|Any CPU.ActiveCfg = Debug|Any CPU
		{BEC1F0B3-EF7B-4F0D-BA93-8A184CA5566E}.Debug|Any CPU.Build.0 = Debug|Any CPU
		{BEC1F0B3-EF7B-4F0D-BA93-8A184CA5566E}.Release|Any CPU.ActiveCfg = Release|Any CPU
		{BEC1F0B3-EF7B-4F0D-BA93-8A184CA5566E}.Release|Any CPU.Build.0 = Release|Any CPU
	EndGlobalSection
	GlobalSection(SolutionProperties) = preSolution
		HideSolutionNode = FALSE
	EndGlobalSection
	GlobalSection(ExtensibilityGlobals) = postSolution
		SolutionGuid = {DED6CE55-EBD5-4D33-A067-F35410465208}
	EndGlobalSection
EndGlobal
